
Microsoft Visual Studio Solution File, Format Version 12.00
# Visual Studio Version 17
VisualStudioVersion = 17.14.36414.22 d17.14
MinimumVisualStudioVersion = 10.0.40219.1
Project("{FAE04EC0-301F-11D3-BF4B-00C04F79EFBC}") = "Supermercado", "Supermercado\Supermercado.csproj", "{83E9C967-BD91-45F3-B0EA-B225B1823AE8}"
EndProject
Global
	GlobalSection(SolutionConfigurationPlatforms) = preSolution
		Debug|Any CPU = Debug|Any CPU
		Release|Any CPU = Release|Any CPU
	EndGlobalSection
	GlobalSection(ProjectConfigurationPlatforms) = postSolution
		{83E9C967-BD91-45F3-B0EA-B225B1823AE8}.Debug|Any CPU.ActiveCfg = Debug|Any CPU
		{83E9C967-BD91-45F3-B0EA-B225B1823AE8}.Debug|Any CPU.Build.0 = Debug|Any CPU
		{83E9C967-BD91-45F3-B0EA-B225B1823AE8}.Release|Any CPU.ActiveCfg = Release|Any CPU
		{83E9C967-BD91-45F3-B0EA-B225B1823AE8}.Release|Any CPU.Build.0 = Release|Any CPU
	EndGlobalSection
	GlobalSection(SolutionProperties) = preSolution
		HideSolutionNode = FALSE
	EndGlobalSection
	GlobalSection(ExtensibilityGlobals) = postSolution
		SolutionGuid = {93059CE6-C26A-4C8B-8884-59AEDFE75B18}
	EndGlobalSection
EndGlobal
